
Microsoft Visual Studio Solution File, Format Version 12.00
# Visual Studio Version 16
VisualStudioVersion = 16.0.29411.108
MinimumVisualStudioVersion = 10.0.40219.1
Project("{9A19103F-16F7-4668-BE54-9A1E7A4F7556}") = "Common", "Common\Common.csproj", "{977A3EA9-41B9-43E5-B022-DF6B0E833732}"
EndProject
Project("{2150E333-8FDC-42A3-9474-1A3956D46DE8}") = "Client", "Client", "{82A86AD4-DDCB-4C85-B276-5705705E8B91}"
EndProject
Project("{2150E333-8FDC-42A3-9474-1A3956D46DE8}") = "BLL", "BLL", "{8DD95562-6199-4B20-9E96-CC6978578F91}"
EndProject
Project("{9A19103F-16F7-4668-BE54-9A1E7A4F7556}") = "Client.BLL.Core", "Client.BLL.Core\Client.BLL.Core.csproj", "{F0D07947-38B7-4552-BF70-1F244EF852E7}"
EndProject
Project("{2150E333-8FDC-42A3-9474-1A3956D46DE8}") = "Server", "Server", "{96B6C7B1-D71E-40D4-846D-D6DEE3F5C898}"
EndProject
Project("{2150E333-8FDC-42A3-9474-1A3956D46DE8}") = "BLL", "BLL", "{50F86FC6-34C2-4FF6-BBA7-DAD2B4AFDF02}"
EndProject
Project("{9A19103F-16F7-4668-BE54-9A1E7A4F7556}") = "Server.BLL.Core", "Server.BLL.Core\Server.BLL.Core.csproj", "{BA6CDE88-5078-4206-B96A-536801E5CF3F}"
EndProject
Project("{2150E333-8FDC-42A3-9474-1A3956D46DE8}") = "UI", "UI", "{D9F19E9D-7577-4DE8-9E04-FCB0E0B77395}"
EndProject
Project("{9A19103F-16F7-4668-BE54-9A1E7A4F7556}") = "Client.UI.Core", "Client.UI.Core\Client.UI.Core.csproj", "{9F1B60A0-880D-4729-AAE6-99FB5111817A}"
EndProject
Project("{9A19103F-16F7-4668-BE54-9A1E7A4F7556}") = "Client.UI.Implementation", "Client.UI.Implementation\Client.UI.Implementation.csproj", "{DB42CA39-2DA1-435C-B7FF-DB77988EDB84}"
EndProject
Project("{2150E333-8FDC-42A3-9474-1A3956D46DE8}") = "Applications", "Applications", "{8645E6AD-E547-4AC4-8B3D-D5B29FAA1313}"
EndProject
Project("{FAE04EC0-301F-11D3-BF4B-00C04F79EFBC}") = "KashkeshetConsoleApp", "KashkeshetConsoleApp\KashkeshetConsoleApp.csproj", "{EF992110-EEBA-4FC3-8898-D9B66D9C525D}"
EndProject
Project("{FAE04EC0-301F-11D3-BF4B-00C04F79EFBC}") = "Client.BLL.Implementation", "Client.BLL.Implementation\Client.BLL.Implementation.csproj", "{21120777-971A-4566-A2FC-201BBFC37676}"
EndProject
Global
	GlobalSection(SolutionConfigurationPlatforms) = preSolution
		Debug|Any CPU = Debug|Any CPU
		Release|Any CPU = Release|Any CPU
	EndGlobalSection
	GlobalSection(ProjectConfigurationPlatforms) = postSolution
		{977A3EA9-41B9-43E5-B022-DF6B0E833732}.Debug|Any CPU.ActiveCfg = Debug|Any CPU
		{977A3EA9-41B9-43E5-B022-DF6B0E833732}.Debug|Any CPU.Build.0 = Debug|Any CPU
		{977A3EA9-41B9-43E5-B022-DF6B0E833732}.Release|Any CPU.ActiveCfg = Release|Any CPU
		{977A3EA9-41B9-43E5-B022-DF6B0E833732}.Release|Any CPU.Build.0 = Release|Any CPU
		{F0D07947-38B7-4552-BF70-1F244EF852E7}.Debug|Any CPU.ActiveCfg = Debug|Any CPU
		{F0D07947-38B7-4552-BF70-1F244EF852E7}.Debug|Any CPU.Build.0 = Debug|Any CPU
		{F0D07947-38B7-4552-BF70-1F244EF852E7}.Release|Any CPU.ActiveCfg = Release|Any CPU
		{F0D07947-38B7-4552-BF70-1F244EF852E7}.Release|Any CPU.Build.0 = Release|Any CPU
		{BA6CDE88-5078-4206-B96A-536801E5CF3F}.Debug|Any CPU.ActiveCfg = Debug|Any CPU
		{BA6CDE88-5078-4206-B96A-536801E5CF3F}.Debug|Any CPU.Build.0 = Debug|Any CPU
		{BA6CDE88-5078-4206-B96A-536801E5CF3F}.Release|Any CPU.ActiveCfg = Release|Any CPU
		{BA6CDE88-5078-4206-B96A-536801E5CF3F}.Release|Any CPU.Build.0 = Release|Any CPU
		{9F1B60A0-880D-4729-AAE6-99FB5111817A}.Debug|Any CPU.ActiveCfg = Debug|Any CPU
		{9F1B60A0-880D-4729-AAE6-99FB5111817A}.Debug|Any CPU.Build.0 = Debug|Any CPU
		{9F1B60A0-880D-4729-AAE6-99FB5111817A}.Release|Any CPU.ActiveCfg = Release|Any CPU
		{9F1B60A0-880D-4729-AAE6-99FB5111817A}.Release|Any CPU.Build.0 = Release|Any CPU
		{DB42CA39-2DA1-435C-B7FF-DB77988EDB84}.Debug|Any CPU.ActiveCfg = Debug|Any CPU
		{DB42CA39-2DA1-435C-B7FF-DB77988EDB84}.Debug|Any CPU.Build.0 = Debug|Any CPU
		{DB42CA39-2DA1-435C-B7FF-DB77988EDB84}.Release|Any CPU.ActiveCfg = Release|Any CPU
		{DB42CA39-2DA1-435C-B7FF-DB77988EDB84}.Release|Any CPU.Build.0 = Release|Any CPU
		{EF992110-EEBA-4FC3-8898-D9B66D9C525D}.Debug|Any CPU.ActiveCfg = Debug|Any CPU
		{EF992110-EEBA-4FC3-8898-D9B66D9C525D}.Debug|Any CPU.Build.0 = Debug|Any CPU
		{EF992110-EEBA-4FC3-8898-D9B66D9C525D}.Release|Any CPU.ActiveCfg = Release|Any CPU
		{EF992110-EEBA-4FC3-8898-D9B66D9C525D}.Release|Any CPU.Build.0 = Release|Any CPU
		{21120777-971A-4566-A2FC-201BBFC37676}.Debug|Any CPU.ActiveCfg = Debug|Any CPU
		{21120777-971A-4566-A2FC-201BBFC37676}.Debug|Any CPU.Build.0 = Debug|Any CPU
		{21120777-971A-4566-A2FC-201BBFC37676}.Release|Any CPU.ActiveCfg = Release|Any CPU
		{21120777-971A-4566-A2FC-201BBFC37676}.Release|Any CPU.Build.0 = Release|Any CPU
	EndGlobalSection
	GlobalSection(SolutionProperties) = preSolution
		HideSolutionNode = FALSE
	EndGlobalSection
	GlobalSection(NestedProjects) = preSolution
		{8DD95562-6199-4B20-9E96-CC6978578F91} = {82A86AD4-DDCB-4C85-B276-5705705E8B91}
		{F0D07947-38B7-4552-BF70-1F244EF852E7} = {8DD95562-6199-4B20-9E96-CC6978578F91}
		{50F86FC6-34C2-4FF6-BBA7-DAD2B4AFDF02} = {96B6C7B1-D71E-40D4-846D-D6DEE3F5C898}
		{BA6CDE88-5078-4206-B96A-536801E5CF3F} = {50F86FC6-34C2-4FF6-BBA7-DAD2B4AFDF02}
		{D9F19E9D-7577-4DE8-9E04-FCB0E0B77395} = {82A86AD4-DDCB-4C85-B276-5705705E8B91}
		{9F1B60A0-880D-4729-AAE6-99FB5111817A} = {D9F19E9D-7577-4DE8-9E04-FCB0E0B77395}
		{DB42CA39-2DA1-435C-B7FF-DB77988EDB84} = {D9F19E9D-7577-4DE8-9E04-FCB0E0B77395}
		{8645E6AD-E547-4AC4-8B3D-D5B29FAA1313} = {82A86AD4-DDCB-4C85-B276-5705705E8B91}
		{EF992110-EEBA-4FC3-8898-D9B66D9C525D} = {8645E6AD-E547-4AC4-8B3D-D5B29FAA1313}
		{21120777-971A-4566-A2FC-201BBFC37676} = {8DD95562-6199-4B20-9E96-CC6978578F91}
	EndGlobalSection
	GlobalSection(ExtensibilityGlobals) = postSolution
		SolutionGuid = {CE4D09E8-60FE-40E5-A673-2B4CB524F8DF}
	EndGlobalSection
EndGlobal
